github.com/creack/pty v1.1.9/go.mod h1:oKZEueFk5CKHvIhNR5MUki03XCEU+Q6VDXinZuGJ33E=
github.com/davecgh/go-spew v1.1.1 h1:vj9j/u1bqnvCEfJOwUhtlOARqs3+rkHYY13jYWTU97c=
github.com/davecgh/go-spew v1.1.1/go.mod h1:J7Y8YcW2NihsgmVo/mv3lAwl/skON4iLHjSsI+c5H38=
github.com/emiago/sipgo v0.33.0 h1:UxPKCoPREffSjrRE6oesG/RPz5/ZSp8tA8Jc6YvYUsk=
github.com/emiago/sipgo v0.33.0/go.mod h1:gbOLw/kZHZ3wS/5PIa9qVjpdil/IKLdigbZFIYFpHTs=
github.com/emiago/sipgo v1.0.0-alpha-2 h1:aQf7mwUbfJmiAejLIp1xXe/6mhCMRs8n13QTteR2PWI=
github.com/emiago/sipgo v1.0.0-alpha-2/go.mod h1:DuwAxBZhKMqIzQFPGZb1MVAGU6Wuxj64oTOhd5dx/FY=
github.com/emiago/sipgo v1.0.0-beta-1 h1:cTze46B4/3gMvglBIXxJUbYzKR+iXnX2XfHgFc3I434=
github.com/emiago/sipgo v1.0.0-beta-1/go.mod h1:DuwAxBZhKMqIzQFPGZb1MVAGU6Wuxj64oTOhd5dx/FY=
github.com/emiago/sipgo v1.0.0-beta-3 h1:3f9CCo3CGU9fh3Pul5ZFwgoLKrFd7cXtOfY2CocuSSA=
github.com/emiago/sipgo v1.0.0-beta-3/go.mod h1:DuwAxBZhKMqIzQFPGZb1MVAGU6Wuxj64oTOhd5dx/FY=
github.com/emiago/sipgo v1.0.0-beta-4 h1:6ChWYT1BOENubjdh3e0olG5gUhYYP2O9ipOv9pvGWVU=
github.com/emiago/sipgo v1.0.0-beta-4/go.mod h1:DuwAxBZhKMqIzQFPGZb1MVAGU6Wuxj64oTOhd5dx/FY=
github.com/emiago/sipgo v1.0.0 h1:l+Ytb33cZJHz4AscVXtT+U6au2s2cvVeQqcIyfC7m2s=
github.com/emiago/sipgo v1.0.0/go.mod h1:DuwAxBZhKMqIzQFPGZb1MVAGU6Wuxj64oTOhd5dx/FY=
github.com/go-audio/riff v1.0.0 h1:d8iCGbDvox9BfLagY94fBynxSPHO80LmZCaOsmKxokA=
github.com/go-audio/riff v1.0.0/go.mod h1:l3cQwc85y79NQFCRB7TiPoNiaijp6q8Z0Uv38rVG498=
github.com/gobwas/httphead v0.1.0 h1:exrUm0f4YX0L7EBwZHuCF4GDp8aJfVeBrlLQrs6NqWU=
github.com/gobwas/httphead v0.1.0/go.mod h1:O/RXo79gxV8G+RqlR/otEwx4Q36zl9rqC5u12GKvMCM=
github.com/gobwas/pool v0.2.1 h1:xfeeEhW7pwmX8nuLVlqbzVc7udMDrwetjEv+TZIz1og=
github.com/gobwas/pool v0.2.1/go.mod h1:q8bcK0KcYlCgd9e7WYLm9LpyS+YeLd8JVDW6WezmKEw=
github.com/gobwas/ws v1.4.0 h1:CTaoG1tojrh4ucGPcoJFiAQUAsEWekEWvLy7GsVNqGs=
github.com/gobwas/ws v1.4.0/go.mod h1:G3gNqMNtPppf5XUz7O4shetPpcZ1VJ7zt18dlUeakrc=
github.com/google/go-cmp v0.7.0 h1:wk8382ETsv4JYUZwIsn6YpYiWiBsYLSJiTsyBybVuN8=
github.com/google/go-cmp v0.7.0/go.mod h1:pXiqmnSA92OHEEa9HXL2W4E7lf9JzCmGVUdgjX3N/iU=
github.com/google/uuid v1.6.0 h1:NIvaJDMOsjHA8n1jAhLSgzrAzy1Hgr+hNrb57e+94F0=
github.com/google/uuid v1.6.0/go.mod h1:TIyPZe4MgqvfeYDBFedMoGGpEw/LqOeaOT+nhxU+yHo=
github.com/icholy/digest v1.1.0 h1:HfGg9Irj7i+IX1o1QAmPfIBNu/Q5A5Tu3n/MED9k9H4=
github.com/icholy/digest v1.1.0/go.mod h1:QNrsSGQ5v7v9cReDI0+eyjsXGUoRSUZQHeQ5C4XLa0Y=
github.com/kr/pretty v0.3.1 h1:flRD4NNwYAUpkphVc1HcthR4KEIFJ65n8Mw5qdRn3LE=
github.com/kr/pretty v0.3.1/go.mod h1:hoEshYVHaxMs3cyo3Yncou5ZscifuDolrwPKZanG3xk=
github.com/kr/text v0.2.0 h1:5Nx0Ya0ZqY2ygV366QzturHI13Jq95ApcVaJBhpS+AY=
github.com/kr/text v0.2.0/go.mod h1:eLer722TekiGuMkidMxC/pM04lWEeraHUUmBw8l2grE=
github.com/pion/logging v0.2.3 h1:gHuf0zpoh1GW67Nr6Gj4cv5Z9ZscU7g/EaoC/Ke/igI=
github.com/pion/logging v0.2.3/go.mod h1:z8YfknkquMe1csOrxK5kc+5/ZPAzMxbKLX5aXpbpC90=
github.com/pion/randutil v0.1.0 h1:CFG1UdESneORglEsnimhUjf33Rwjubwj6xfiOXBa3mA=
github.com/pion/randutil v0.1.0/go.mod h1:XcJrSMMbbMRhASFVOlj/5hQial/Y8oH/HVo7TBZq+j8=
github.com/pion/rtcp v1.2.15 h1:LZQi2JbdipLOj4eBjK4wlVoQWfrZbh3Q6eHtWtJBZBo=
github.com/pion/rtcp v1.2.15/go.mod h1:jlGuAjHMEXwMUHK78RgX0UmEJFV4zUKOFHR7OP+D3D0=
github.com/pion/rtp v1.8.18 h1:yEAb4+4a8nkPCecWzQB6V/uEU18X1lQCGAQCjP+pyvU=
github.com/pion/rtp v1.8.18/go.mod h1:bAu2UFKScgzyFqvUKmbvzSdPr+NGbZtv6UB2hesqXBk=
github.com/pion/srtp/v3 v3.0.6 h1:E2gyj1f5X10sB/qILUGIkL4C2CqK269Xq167PbGCc/4=
github.com/pion/srtp/v3 v3.0.6/go.mod h1:BxvziG3v/armJHAaJ87euvkhHqWe9I7iiOy50K2QkhY=
github.com/pion/transport/v3 v3.0.7 h1:iRbMH05BzSNwhILHoBoAPxoB9xQgOaJk+591KC9P1o0=
github.com/pion/transport/v3 v3.0.7/go.mod h1:YleKiTZ4vqNxVwh77Z0zytYi7rXHl7j6uPLGhhz9rwo=
github.com/pmezard/go-difflib v1.0.0 h1:4DBwDE0NGyQoBHbLQYPwSUPoCMWR5BEzIk/f1lZbAQM=
github.com/pmezard/go-difflib v1.0.0/go.mod h1:iKH77koFhYxTK1pcRnkKkqfTogsbg7gZNVY4sRDYZ/4=
github.com/rogpeppe/go-internal v1.13.1 h1:KvO1DLK/DRN07sQ1LQKScxyZJuNnedQ5/wKSR38lUII=
github.com/rogpeppe/go-internal v1.13.1/go.mod h1:uMEvuHeurkdAXX61udpOXGD/AzZDWNMNyH2VO9fmH0o=
github.com/stretchr/testify v1.10.0 h1:Xv5erBjTwe/5IxqUQTdXv5kgmIvbHo3QQyRwhJsOfJA=
github.com/stretchr/testify v1.10.0/go.mod h1:r2ic/lqez/lEtzL7wO/rwa5dbSLXVDPFyf8C91i36aY=
github.com/zaf/g711 v1.4.0 h1:XZYkjjiAg9QTBnHqEg37m2I9q3IIDv5JRYXs2N8ma7c=
github.com/zaf/g711 v1.4.0/go.mod h1:eCDXt3dSp/kYYAoooba7ukD/Q75jvAaS4WOMr0l1Roo=
golang.org/x/sync v0.16.0 h1:ycBJEhp9p4vXvUZNszeOq0kGTPghopOL8q0fq3vstxw=
golang.org/x/sync v0.16.0/go.mod h1:1dzgHSNfp02xaA81J2MS99Qcpr2w7fw1gpm99rleRqA=
golang.org/x/sys v0.6.0/go.mod h1:oPkhp1MJrh7nUepCBck5+mAzfO9JrbApNNgaTdGDITg=
golang.org/x/sys v0.33.0 h1:q3i8TbbEz+JRD9ywIRlyRAQbM0qF7hu24q3teo2hbuw=
golang.org/x/sys v0.33.0/go.mod h1:BJP2sWEmIv4KK5OTEluFJCKSidICx8ciO85XgH3Ak8k=
gopkg.in/check.v1 v0.0.0-20161208181325-20d25e280405/go.mod h1:Co6ibVJAznAaIkqp8huTwlJQCZ016jof/cbN4VW5Yz0=
gopkg.in/check.v1 v1.0.0-20201130134442-10cb98267c6c h1:Hei/4ADfdWqJk1ZMxUNpqntNwaWcugrBjAiHlqqRiVk=
gopkg.in/check.v1 v1.0.0-20201130134442-10cb98267c6c/go.mod h1:JHkPIbrfpd72SG/EVd6muEfDQjcINNoR0C8j2r3qZ4Q=
gopkg.in/hraban/opus.v2 v2.0.0-20230925203106-0188a62cb302 h1:xeVptzkP8BuJhoIjNizd2bRHfq9KB9HfOLZu90T04XM=
gopkg.in/hraban/opus.v2 v2.0.0-20230925203106-0188a62cb302/go.mod h1:/L5E7a21VWl8DeuCPKxQBdVG5cy+L0MRZ08B1wnqt7g=
gopkg.in/yaml.v3 v3.0.1 h1:fxVm/GzAzEWqLHuvctI91KS9hhNmmWOoWu0XTYJS7CA=
gopkg.in/yaml.v3 v3.0.1/go.mod h1:K4uyk7z7BCEPqu6E+C64Yfv1cQ7kz7rIZviUmN+EgEM=
gotest.tools/v3 v3.5.2 h1:7koQfIKdy+I8UTetycgUqXWSDwpgv193Ka+qRsmBY8Q=
gotest.tools/v3 v3.5.2/go.mod h1:LtdLGcnqToBH83WByAAi/wiwSFCArdFIUV/xxN4pcjA=
