github.com/imfing/hextra v0.8.1 h1:HPeuyBTxaG7o2PHT9XRgFTVbCVGhJbZ0t7PjApA32F8=
github.com/imfing/hextra v0.8.1/go.mod h1:cEfel3lU/bSx7lTE/+uuR4GJaphyOyiwNR3PTqFTXpI=
github.com/imfing/hextra v0.8.6 h1:fpOqzcUs26Lc/ZzowYSBcnpe00d/aZw4HhiHP7ycSks=
github.com/imfing/hextra v0.8.6/go.mod h1:cEfel3lU/bSx7lTE/+uuR4GJaphyOyiwNR3PTqFTXpI=
